
Microsoft Visual Studio Solution File, Format Version 12.00
# Visual Studio Version 16
VisualStudioVersion = 16.0.29326.143
MinimumVisualStudioVersion = 10.0.40219.1
Project("{FAE04EC0-301F-11D3-BF4B-00C04F79EFBC}") = "WCDApi", "WCDApi\WCDApi.csproj", "{F173201C-45A9-440D-8881-AB8680C6BF74}"
EndProject
Project("{9A19103F-16F7-4668-BE54-9A1E7A4F7556}") = "WCDApi.Tests", "WCDApi.Tests\WCDApi.Tests.csproj", "{B4C1D3CE-472D-47E5-8BB4-F22B7F4636D0}"
EndProject
Project("{FAE04EC0-301F-11D3-BF4B-00C04F79EFBC}") = "WCDApi.Worker", "WCDApi.Worker\WCDApi.Worker.csproj", "{7F089B38-35BF-4B89-B894-3E0302B5B19C}"
EndProject
Project("{FAE04EC0-301F-11D3-BF4B-00C04F79EFBC}") = "WCDApi.DataBase", "WCDApi.Database\WCDApi.DataBase.csproj", "{EE9923BA-1073-4808-A27B-F53BC94C1606}"
EndProject
Project("{FAE04EC0-301F-11D3-BF4B-00C04F79EFBC}") = "WCDApi.DataBase.Entity", "WCDApi.Database.Entity\WCDApi.DataBase.Entity.csproj", "{FD1A460C-802C-40E3-A196-AF5ABE4B8FBF}"
EndProject
Project("{FAE04EC0-301F-11D3-BF4B-00C04F79EFBC}") = "WCDApi.Mail", "WCDApi.Mail\WCDApi.Mail.csproj", "{A9875DD4-F6A1-4C8A-96DD-B48AA960EF41}"
EndProject
Global
	GlobalSection(SolutionConfigurationPlatforms) = preSolution
		Debug|Any CPU = Debug|Any CPU
		Release|Any CPU = Release|Any CPU
	EndGlobalSection
	GlobalSection(ProjectConfigurationPlatforms) = postSolution
		{F173201C-45A9-440D-8881-AB8680C6BF74}.Debug|Any CPU.ActiveCfg = Debug|Any CPU
		{F173201C-45A9-440D-8881-AB8680C6BF74}.Debug|Any CPU.Build.0 = Debug|Any CPU
		{F173201C-45A9-440D-8881-AB8680C6BF74}.Release|Any CPU.ActiveCfg = Release|Any CPU
		{F173201C-45A9-440D-8881-AB8680C6BF74}.Release|Any CPU.Build.0 = Release|Any CPU
		{B4C1D3CE-472D-47E5-8BB4-F22B7F4636D0}.Debug|Any CPU.ActiveCfg = Debug|Any CPU
		{B4C1D3CE-472D-47E5-8BB4-F22B7F4636D0}.Debug|Any CPU.Build.0 = Debug|Any CPU
		{B4C1D3CE-472D-47E5-8BB4-F22B7F4636D0}.Release|Any CPU.ActiveCfg = Release|Any CPU
		{B4C1D3CE-472D-47E5-8BB4-F22B7F4636D0}.Release|Any CPU.Build.0 = Release|Any CPU
		{7F089B38-35BF-4B89-B894-3E0302B5B19C}.Debug|Any CPU.ActiveCfg = Debug|Any CPU
		{7F089B38-35BF-4B89-B894-3E0302B5B19C}.Debug|Any CPU.Build.0 = Debug|Any CPU
		{7F089B38-35BF-4B89-B894-3E0302B5B19C}.Release|Any CPU.ActiveCfg = Release|Any CPU
		{7F089B38-35BF-4B89-B894-3E0302B5B19C}.Release|Any CPU.Build.0 = Release|Any CPU
		{EE9923BA-1073-4808-A27B-F53BC94C1606}.Debug|Any CPU.ActiveCfg = Debug|Any CPU
		{EE9923BA-1073-4808-A27B-F53BC94C1606}.Debug|Any CPU.Build.0 = Debug|Any CPU
		{EE9923BA-1073-4808-A27B-F53BC94C1606}.Release|Any CPU.ActiveCfg = Release|Any CPU
		{EE9923BA-1073-4808-A27B-F53BC94C1606}.Release|Any CPU.Build.0 = Release|Any CPU
		{FD1A460C-802C-40E3-A196-AF5ABE4B8FBF}.Debug|Any CPU.ActiveCfg = Debug|Any CPU
		{FD1A460C-802C-40E3-A196-AF5ABE4B8FBF}.Debug|Any CPU.Build.0 = Debug|Any CPU
		{FD1A460C-802C-40E3-A196-AF5ABE4B8FBF}.Release|Any CPU.ActiveCfg = Release|Any CPU
		{FD1A460C-802C-40E3-A196-AF5ABE4B8FBF}.Release|Any CPU.Build.0 = Release|Any CPU
		{A9875DD4-F6A1-4C8A-96DD-B48AA960EF41}.Debug|Any CPU.ActiveCfg = Debug|Any CPU
		{A9875DD4-F6A1-4C8A-96DD-B48AA960EF41}.Debug|Any CPU.Build.0 = Debug|Any CPU
		{A9875DD4-F6A1-4C8A-96DD-B48AA960EF41}.Release|Any CPU.ActiveCfg = Release|Any CPU
		{A9875DD4-F6A1-4C8A-96DD-B48AA960EF41}.Release|Any CPU.Build.0 = Release|Any CPU
	EndGlobalSection
	GlobalSection(SolutionProperties) = preSolution
		HideSolutionNode = FALSE
	EndGlobalSection
	GlobalSection(ExtensibilityGlobals) = postSolution
		SolutionGuid = {8EBDFD87-BD37-4CF4-8870-F0DDC5E8F9AF}
	EndGlobalSection
EndGlobal
